
Microsoft Visual Studio Solution File, Format Version 12.00
# Visual Studio Version 17
VisualStudioVersion = 17.14.36511.14 d17.14
MinimumVisualStudioVersion = 10.0.40219.1
Project("{FAE04EC0-301F-11D3-BF4B-00C04F79EFBC}") = "SIP", "SIP\SIP.csproj", "{D509FFDC-0BAD-4283-86C7-392F6784C221}"
EndProject
Global
	GlobalSection(SolutionConfigurationPlatforms) = preSolution
		Debug|Any CPU = Debug|Any CPU
		Release|Any CPU = Release|Any CPU
	EndGlobalSection
	GlobalSection(ProjectConfigurationPlatforms) = postSolution
		{D509FFDC-0BAD-4283-86C7-392F6784C221}.Debug|Any CPU.ActiveCfg = Debug|Any CPU
		{D509FFDC-0BAD-4283-86C7-392F6784C221}.Debug|Any CPU.Build.0 = Debug|Any CPU
		{D509FFDC-0BAD-4283-86C7-392F6784C221}.Release|Any CPU.ActiveCfg = Release|Any CPU
		{D509FFDC-0BAD-4283-86C7-392F6784C221}.Release|Any CPU.Build.0 = Release|Any CPU
	EndGlobalSection
	GlobalSection(SolutionProperties) = preSolution
		HideSolutionNode = FALSE
	EndGlobalSection
	GlobalSection(ExtensibilityGlobals) = postSolution
		SolutionGuid = {BB2EE225-1A1D-4D5D-9A92-3E2FBB9BD4EF}
	EndGlobalSection
EndGlobal
